
Microsoft Visual Studio Solution File, Format Version 12.00
Project("{FAE04EC0-301F-11D3-BF4B-00C04F79EFBC}") = "SyslogServer", "SyslogServer\SyslogServer.csproj", "{79D6CB09-6355-4916-A865-B73F0AD46A72}"
EndProject
Project("{2150E333-8FDC-42A3-9474-1A3956D46DE8}") = "Deploy", "Deploy", "{1FDEEF7A-E929-43CE-9D60-90330CF95741}"
	ProjectSection(SolutionItems) = preProject
		docker-compose.yml = docker-compose.yml
	EndProjectSection
EndProject
Global
	GlobalSection(SolutionConfigurationPlatforms) = preSolution
		Debug|Any CPU = Debug|Any CPU
		Release|Any CPU = Release|Any CPU
	EndGlobalSection
	GlobalSection(ProjectConfigurationPlatforms) = postSolution
		{79D6CB09-6355-4916-A865-B73F0AD46A72}.Debug|Any CPU.ActiveCfg = Debug|Any CPU
		{79D6CB09-6355-4916-A865-B73F0AD46A72}.Debug|Any CPU.Build.0 = Debug|Any CPU
		{79D6CB09-6355-4916-A865-B73F0AD46A72}.Release|Any CPU.ActiveCfg = Release|Any CPU
		{79D6CB09-6355-4916-A865-B73F0AD46A72}.Release|Any CPU.Build.0 = Release|Any CPU
	EndGlobalSection
EndGlobal
